lockfileVersion: "6.0"

settings:
  autoInstallPeers: true
  excludeLinksFromLockfile: false

devDependencies:
  prettier:
    specifier: ^3.2.5
    version: 3.2.5
  prettier-plugin-css-order:
    specifier: ^2.1.1
    version: 2.1.1(postcss@8.4.38)(prettier@3.2.5)
  prettier-plugin-organize-attributes:
    specifier: ^1.0.0
    version: 1.0.0(prettier@3.2.5)

packages:
  /css-declaration-sorter@7.2.0(postcss@8.4.38):
    resolution:
      {
        integrity: sha512-h70rUM+3PNFuaBDTLe8wF/cdWu+dOZmb7pJt8Z2sedYbAcQVQV/tEchueg3GWxwqS0cxtbxmaHEdkNACqcvsow==,
      }
    engines: { node: ^14 || ^16 || >=18 }
    peerDependencies:
      postcss: ^8.0.9
    dependencies:
      postcss: 8.4.38
    dev: true

  /nanoid@3.3.7:
    resolution:
      {
        integrity: sha512-eSRppjcPIatRIMC1U6UngP8XFcz8MQWGQdt1MTBQ7NaAmvXDfvNxbvWV3x2y6CdEUciCSsDHDQZbhYaB8QEo2g==,
      }
    engines: { node: ^10 || ^12 || ^13.7 || ^14 || >=15.0.1 }
    hasBin: true
    dev: true

  /picocolors@1.0.0:
    resolution:
      {
        integrity: sha512-1fygroTLlHu66zi26VoTDv8yRgm0Fccecssto+MhsZ0D/DGW2sm8E8AjW7NU5VVTRt5GxbeZ5qBuJr+HyLYkjQ==,
      }
    dev: true

  /postcss-less@6.0.0(postcss@8.4.38):
    resolution:
      {
        integrity: sha512-FPX16mQLyEjLzEuuJtxA8X3ejDLNGGEG503d2YGZR5Ask1SpDN8KmZUMpzCvyalWRywAn1n1VOA5dcqfCLo5rg==,
      }
    engines: { node: ">=12" }
    peerDependencies:
      postcss: ^8.3.5
    dependencies:
      postcss: 8.4.38
    dev: true

  /postcss-scss@4.0.9(postcss@8.4.38):
    resolution:
      {
        integrity: sha512-AjKOeiwAitL/MXxQW2DliT28EKukvvbEWx3LBmJIRN8KfBGZbRTxNYW0kSqi1COiTZ57nZ9NW06S6ux//N1c9A==,
      }
    engines: { node: ">=12.0" }
    peerDependencies:
      postcss: ^8.4.29
    dependencies:
      postcss: 8.4.38
    dev: true

  /postcss@8.4.38:
    resolution:
      {
        integrity: sha512-Wglpdk03BSfXkHoQa3b/oulrotAkwrlLDRSOb9D0bN86FdRyE9lppSp33aHNPgBa0JKCoB+drFLZkQoRRYae5A==,
      }
    engines: { node: ^10 || ^12 || >=14 }
    dependencies:
      nanoid: 3.3.7
      picocolors: 1.0.0
      source-map-js: 1.2.0
    dev: true

  /prettier-plugin-css-order@2.1.1(postcss@8.4.38)(prettier@3.2.5):
    resolution:
      {
        integrity: sha512-oAnL8g4T31Y8mhdJOn2UtoljFrzl595iogu2mt6T2vcKlDpgid5yCA/y+T8thcu8HWTM+NBmCt3MOBy/5t8Inw==,
      }
    engines: { node: ">=16" }
    peerDependencies:
      prettier: 3.x
    dependencies:
      css-declaration-sorter: 7.2.0(postcss@8.4.38)
      postcss-less: 6.0.0(postcss@8.4.38)
      postcss-scss: 4.0.9(postcss@8.4.38)
      prettier: 3.2.5
    transitivePeerDependencies:
      - postcss
    dev: true

  /prettier-plugin-organize-attributes@1.0.0(prettier@3.2.5):
    resolution:
      {
        integrity: sha512-+NmameaLxbCcylEXsKPmawtzla5EE6ECqvGkpfQz4KM847fXDifB1gFnPQEpoADAq6IXg+cMI8Z0ISJEXa6fhg==,
      }
    engines: { node: ">=14.0.0" }
    peerDependencies:
      prettier: ^3.0.0
    dependencies:
      prettier: 3.2.5
    dev: true

  /prettier@3.2.5:
    resolution:
      {
        integrity: sha512-3/GWa9aOC0YeD7LUfvOG2NiDyhOWRvt1k+rcKhOuYnMY24iiCphgneUfJDyFXd6rZCAnuLBv6UeAULtrhT/F4A==,
      }
    engines: { node: ">=14" }
    hasBin: true
    dev: true

  /source-map-js@1.2.0:
    resolution:
      {
        integrity: sha512-itJW8lvSA0TXEphiRoawsCksnlf8SyvmFzIhltqAHluXd88pkCd+cXJVHTDwdCr0IzwptSm035IHQktUu1QUMg==,
      }
    engines: { node: ">=0.10.0" }
    dev: true
